// !$*UTF8*$!
{
	archiveVersion = 1;
	classes = {
	};
	objectVersion = 46;
	objects = {

/* Begin PBXBuildFile section */
		1F17745C1D333FE400E9B78E /* HomeTableView.m in Sources */ = {isa = PBXBuildFile; fileRef = 1F17745B1D333FE400E9B78E /* HomeTableView.m */; };
		1F17745F1D337EF100E9B78E /* HomeDetailViewController.m in Sources */ = {isa = PBXBuildFile; fileRef = 1F17745E1D337EF100E9B78E /* HomeDetailViewController.m */; };
		1F1774621D33809900E9B78E /* HomeViewCell.m in Sources */ = {isa = PBXBuildFile; fileRef = 1F1774611D33809900E9B78E /* HomeViewCell.m */; };
		1F1774651D3380AD00E9B78E /* HomeTitleTableViewCell.m in Sources */ = {isa = PBXBuildFile; fileRef = 1F1774641D3380AD00E9B78E /* HomeTitleTableViewCell.m */; };
		1F1774681D33935100E9B78E /* ChartViewController.m in Sources */ = {isa = PBXBuildFile; fileRef = 1F1774671D33935100E9B78E /* ChartViewController.m */; };
		1F2881271D2D5D8B00713E9B /* MessageViewContView.m in Sources */ = {isa = PBXBuildFile; fileRef = 1F2881261D2D5D8B00713E9B /* MessageViewContView.m */; };
		1F2F569D1D34D616005AEBC8 /* ChartBarViewController.m in Sources */ = {isa = PBXBuildFile; fileRef = 1F2F569C1D34D616005AEBC8 /* ChartBarViewController.m */; };
		1F2F56A31D353F33005AEBC8 /* TestViewController.m in Sources */ = {isa = PBXBuildFile; fileRef = 1F2F56A21D353F33005AEBC8 /* TestViewController.m */; };
		1F3868961D28DA8D00569032 /* Login.storyboard in Resources */ = {isa = PBXBuildFile; fileRef = 1F3868951D28DA8D00569032 /* Login.storyboard */; };
		1F38689F1D28E86B00569032 /* LoginViewController.m in Sources */ = {isa = PBXBuildFile; fileRef = 1F38689E1D28E86B00569032 /* LoginViewController.m */; };
		1F3868A21D28E88200569032 /* RegisterViewController.m in Sources */ = {isa = PBXBuildFile; fileRef = 1F3868A11D28E88200569032 /* RegisterViewController.m */; };
		1F3868A51D28ECB300569032 /* CompleteViewController.m in Sources */ = {isa = PBXBuildFile; fileRef = 1F3868A41D28ECB300569032 /* CompleteViewController.m */; };
		1F3868A81D28ED0200569032 /* ProfilePhotoTableViewCell.m in Sources */ = {isa = PBXBuildFile; fileRef = 1F3868A71D28ED0200569032 /* ProfilePhotoTableViewCell.m */; };
		1F3868AB1D28ED1700569032 /* ProfileLabelTableViewCell.m in Sources */ = {isa = PBXBuildFile; fileRef = 1F3868AA1D28ED1700569032 /* ProfileLabelTableViewCell.m */; };
		1F3868AE1D28ED3C00569032 /* ProfileFieldTableViewCell.m in Sources */ = {isa = PBXBuildFile; fileRef = 1F3868AD1D28ED3C00569032 /* ProfileFieldTableViewCell.m */; };
		1F3868B51D291BB600569032 /* TabBarConViewController.m in Sources */ = {isa = PBXBuildFile; fileRef = 1F3868B41D291BB600569032 /* TabBarConViewController.m */; };
		1F3868BA1D291FA900569032 /* UIImage+PureColor.m in Sources */ = {isa = PBXBuildFile; fileRef = 1F3868B91D291FA900569032 /* UIImage+PureColor.m */; };
		1F3868C31D292FEB00569032 /* UIViewController+DismissKeyboard.m in Sources */ = {isa = PBXBuildFile; fileRef = 1F3868C21D292FEB00569032 /* UIViewController+DismissKeyboard.m */; };
		1F3868C61D292FF800569032 /* UIViewController+hideExcessLine.m in Sources */ = {isa = PBXBuildFile; fileRef = 1F3868C51D292FF800569032 /* UIViewController+hideExcessLine.m */; };
		1FBF3FD91D1D849F005DB46F /* main.m in Sources */ = {isa = PBXBuildFile; fileRef = 1FBF3FD81D1D849F005DB46F /* main.m */; };
		1FBF3FDC1D1D849F005DB46F /* AppDelegate.m in Sources */ = {isa = PBXBuildFile; fileRef = 1FBF3FDB1D1D849F005DB46F /* AppDelegate.m */; };
		1FBF3FE21D1D849F005DB46F /* Main.storyboard in Resources */ = {isa = PBXBuildFile; fileRef = 1FBF3FE01D1D849F005DB46F /* Main.storyboard */; };
		1FBF3FE41D1D849F005DB46F /* Assets.xcassets in Resources */ = {isa = PBXBuildFile; fileRef = 1FBF3FE31D1D849F005DB46F /* Assets.xcassets */; };
		1FBF3FE71D1D849F005DB46F /* LaunchScreen.storyboard in Resources */ = {isa = PBXBuildFile; fileRef = 1FBF3FE51D1D849F005DB46F /* LaunchScreen.storyboard */; };
		1FBF40761D1E2DFF005DB46F /* BaseNavigationController.m in Sources */ = {isa = PBXBuildFile; fileRef = 1FBF40551D1E2DFF005DB46F /* BaseNavigationController.m */; };
		1FBF40771D1E2DFF005DB46F /* BaseRequestViewModel.m in Sources */ = {isa = PBXBuildFile; fileRef = 1FBF40571D1E2DFF005DB46F /* BaseRequestViewModel.m */; };
		1FBF40781D1E2DFF005DB46F /* BaseViewController.m in Sources */ = {isa = PBXBuildFile; fileRef = 1FBF40591D1E2DFF005DB46F /* BaseViewController.m */; };
		1FBF40791D1E2DFF005DB46F /* HomeViewModel.m in Sources */ = {isa = PBXBuildFile; fileRef = 1FBF405C1D1E2DFF005DB46F /* HomeViewModel.m */; };
		1FBF407B1D1E2DFF005DB46F /* MessageViewModel.m in Sources */ = {isa = PBXBuildFile; fileRef = 1FBF40611D1E2DFF005DB46F /* MessageViewModel.m */; };
		1FBF407C1D1E2DFF005DB46F /* MineViewController.m in Sources */ = {isa = PBXBuildFile; fileRef = 1FBF40641D1E2DFF005DB46F /* MineViewController.m */; };
		1FBF407D1D1E2DFF005DB46F /* MineViewModel.m in Sources */ = {isa = PBXBuildFile; fileRef = 1FBF40661D1E2DFF005DB46F /* MineViewModel.m */; };
		1FBF407E1D1E2DFF005DB46F /* NSString+StringSize.m in Sources */ = {isa = PBXBuildFile; fileRef = 1FBF406A1D1E2DFF005DB46F /* NSString+StringSize.m */; };
		1FBF407F1D1E2DFF005DB46F /* UIColor+Hex.m in Sources */ = {isa = PBXBuildFile; fileRef = 1FBF406C1D1E2DFF005DB46F /* UIColor+Hex.m */; };
		1FBF40811D1E2DFF005DB46F /* EMAlertView.m in Sources */ = {isa = PBXBuildFile; fileRef = 1FBF40721D1E2DFF005DB46F /* EMAlertView.m */; };
		1FBF40821D1E2DFF005DB46F /* ZHPickView.m in Sources */ = {isa = PBXBuildFile; fileRef = 1FBF40751D1E2DFF005DB46F /* ZHPickView.m */; };
		1FC69D7B1D2D525200BF0B95 /* HomeViewController.m in Sources */ = {isa = PBXBuildFile; fileRef = 1FC69D7A1D2D525200BF0B95 /* HomeViewController.m */; };
		1FC69D821D2D589700BF0B95 /* MessageTableViewCell.m in Sources */ = {isa = PBXBuildFile; fileRef = 1FC69D811D2D589700BF0B95 /* MessageTableViewCell.m */; };
		1FC69D851D2D5A1600BF0B95 /* HomeView.m in Sources */ = {isa = PBXBuildFile; fileRef = 1FC69D841D2D5A1600BF0B95 /* HomeView.m */; };
		2FD0801BF0AC1497DEE6F068 /* Pods_Company.framework in Frameworks */ = {isa = PBXBuildFile; fileRef = 87064A9FB6BCFDA031CA8A4E /* Pods_Company.framework */; };
/* End PBXBuildFile section */

/* Begin PBXFileReference section */
		1F17745A1D333FE400E9B78E /* HomeTableView.h */ = {isa = PBXFileReference; fileEncoding = 4; lastKnownFileType = sourcecode.c.h; path = HomeTableView.h; sourceTree = "<group>"; };
		1F17745B1D333FE400E9B78E /* HomeTableView.m */ = {isa = PBXFileReference; fileEncoding = 4; lastKnownFileType = sourcecode.c.objc; path = HomeTableView.m; sourceTree = "<group>"; };
		1F17745D1D337EF100E9B78E /* HomeDetailViewController.h */ = {isa = PBXFileReference; fileEncoding = 4; lastKnownFileType = sourcecode.c.h; path = HomeDetailViewController.h; sourceTree = "<group>"; };
		1F17745E1D337EF100E9B78E /* HomeDetailViewController.m */ = {isa = PBXFileReference; fileEncoding = 4; lastKnownFileType = sourcecode.c.objc; path = HomeDetailViewController.m; sourceTree = "<group>"; };
		1F1774601D33809900E9B78E /* HomeViewCell.h */ = {isa = PBXFileReference; fileEncoding = 4; lastKnownFileType = sourcecode.c.h; path = HomeViewCell.h; sourceTree = "<group>"; };
		1F1774611D33809900E9B78E /* HomeViewCell.m */ = {isa = PBXFileReference; fileEncoding = 4; lastKnownFileType = sourcecode.c.objc; path = HomeViewCell.m; sourceTree = "<group>"; };
		1F1774631D3380AD00E9B78E /* HomeTitleTableViewCell.h */ = {isa = PBXFileReference; fileEncoding = 4; lastKnownFileType = sourcecode.c.h; path = HomeTitleTableViewCell.h; sourceTree = "<group>"; };
		1F1774641D3380AD00E9B78E /* HomeTitleTableViewCell.m */ = {isa = PBXFileReference; fileEncoding = 4; lastKnownFileType = sourcecode.c.objc; path = HomeTitleTableViewCell.m; sourceTree = "<group>"; };
		1F1774661D33935100E9B78E /* ChartViewController.h */ = {isa = PBXFileReference; fileEncoding = 4; lastKnownFileType = sourcecode.c.h; path = ChartViewController.h; sourceTree = "<group>"; };
		1F1774671D33935100E9B78E /* ChartViewController.m */ = {isa = PBXFileReference; fileEncoding = 4; lastKnownFileType = sourcecode.c.objc; path = ChartViewController.m; sourceTree = "<group>"; };
		1F1774691D33944600E9B78E /* Company-Bridging-Header.h */ = {isa = PBXFileReference; lastKnownFileType = sourcecode.c.h; path = "Company-Bridging-Header.h"; sourceTree = "<group>"; };
		1F2881251D2D5D8B00713E9B /* MessageViewContView.h */ = {isa = PBXFileReference; fileEncoding = 4; lastKnownFileType = sourcecode.c.h; path = MessageViewContView.h; sourceTree = "<group>"; };
		1F2881261D2D5D8B00713E9B /* MessageViewContView.m */ = {isa = PBXFileReference; fileEncoding = 4; lastKnownFileType = sourcecode.c.objc; path = MessageViewContView.m; sourceTree = "<group>"; };
		1F2F569B1D34D616005AEBC8 /* ChartBarViewController.h */ = {isa = PBXFileReference; fileEncoding = 4; lastKnownFileType = sourcecode.c.h; path = ChartBarViewController.h; sourceTree = "<group>"; };
		1F2F569C1D34D616005AEBC8 /* ChartBarViewController.m */ = {isa = PBXFileReference; fileEncoding = 4; lastKnownFileType = sourcecode.c.objc; path = ChartBarViewController.m; sourceTree = "<group>"; };
		1F2F56A11D353F33005AEBC8 /* TestViewController.h */ = {isa = PBXFileReference; fileEncoding = 4; lastKnownFileType = sourcecode.c.h; path = TestViewController.h; sourceTree = "<group>"; };
		1F2F56A21D353F33005AEBC8 /* TestViewController.m */ = {isa = PBXFileReference; fileEncoding = 4; lastKnownFileType = sourcecode.c.objc; path = TestViewController.m; sourceTree = "<group>"; };
		1F3868951D28DA8D00569032 /* Login.storyboard */ = {isa = PBXFileReference; fileEncoding = 4; lastKnownFileType = file.storyboard; path = Login.storyboard; sourceTree = "<group>"; };
		1F38689D1D28E86B00569032 /* LoginViewController.h */ = {isa = PBXFileReference; fileEncoding = 4; lastKnownFileType = sourcecode.c.h; path = LoginViewController.h; sourceTree = "<group>"; };
		1F38689E1D28E86B00569032 /* LoginViewController.m */ = {isa = PBXFileReference; fileEncoding = 4; lastKnownFileType = sourcecode.c.objc; path = LoginViewController.m; sourceTree = "<group>"; };
		1F3868A01D28E88200569032 /* RegisterViewController.h */ = {isa = PBXFileReference; fileEncoding = 4; lastKnownFileType = sourcecode.c.h; path = RegisterViewController.h; sourceTree = "<group>"; };
		1F3868A11D28E88200569032 /* RegisterViewController.m */ = {isa = PBXFileReference; fileEncoding = 4; lastKnownFileType = sourcecode.c.objc; path = RegisterViewController.m; sourceTree = "<group>"; };
		1F3868A31D28ECB300569032 /* CompleteViewController.h */ = {isa = PBXFileReference; fileEncoding = 4; lastKnownFileType = sourcecode.c.h; path = CompleteViewController.h; sourceTree = "<group>"; };
		1F3868A41D28ECB300569032 /* CompleteViewController.m */ = {isa = PBXFileReference; fileEncoding = 4; lastKnownFileType = sourcecode.c.objc; path = CompleteViewController.m; sourceTree = "<group>"; };
		1F3868A61D28ED0200569032 /* ProfilePhotoTableViewCell.h */ = {isa = PBXFileReference; fileEncoding = 4; lastKnownFileType = sourcecode.c.h; path = ProfilePhotoTableViewCell.h; sourceTree = "<group>"; };
		1F3868A71D28ED0200569032 /* ProfilePhotoTableViewCell.m */ = {isa = PBXFileReference; fileEncoding = 4; lastKnownFileType = sourcecode.c.objc; path = ProfilePhotoTableViewCell.m; sourceTree = "<group>"; };
		1F3868A91D28ED1700569032 /* ProfileLabelTableViewCell.h */ = {isa = PBXFileReference; fileEncoding = 4; lastKnownFileType = sourcecode.c.h; path = ProfileLabelTableViewCell.h; sourceTree = "<group>"; };
		1F3868AA1D28ED1700569032 /* ProfileLabelTableViewCell.m */ = {isa = PBXFileReference; fileEncoding = 4; lastKnownFileType = sourcecode.c.objc; path = ProfileLabelTableViewCell.m; sourceTree = "<group>"; };
		1F3868AC1D28ED3C00569032 /* ProfileFieldTableViewCell.h */ = {isa = PBXFileReference; fileEncoding = 4; lastKnownFileType = sourcecode.c.h; path = ProfileFieldTableViewCell.h; sourceTree = "<group>"; };
		1F3868AD1D28ED3C00569032 /* ProfileFieldTableViewCell.m */ = {isa = PBXFileReference; fileEncoding = 4; lastKnownFileType = sourcecode.c.objc; path = ProfileFieldTableViewCell.m; sourceTree = "<group>"; };
		1F3868AF1D29170000569032 /* Company.pch */ = {isa = PBXFileReference; fileEncoding = 4; lastKnownFileType = sourcecode.c.h; path = Company.pch; sourceTree = "<group>"; };
		1F3868B01D29179C00569032 /* Theme.h */ = {isa = PBXFileReference; fileEncoding = 4; lastKnownFileType = sourcecode.c.h; path = Theme.h; sourceTree = "<group>"; };
		1F3868B11D2917AF00569032 /* Define.h */ = {isa = PBXFileReference; fileEncoding = 4; lastKnownFileType = sourcecode.c.h; path = Define.h; sourceTree = "<group>"; };
		1F3868B21D2917BF00569032 /* RequestUrl.h */ = {isa = PBXFileReference; fileEncoding = 4; lastKnownFileType = sourcecode.c.h; path = RequestUrl.h; sourceTree = "<group>"; };
		1F3868B31D291BB600569032 /* TabBarConViewController.h */ = {isa = PBXFileReference; fileEncoding = 4; lastKnownFileType = sourcecode.c.h; path = TabBarConViewController.h; sourceTree = "<group>"; };
		1F3868B41D291BB600569032 /* TabBarConViewController.m */ = {isa = PBXFileReference; fileEncoding = 4; lastKnownFileType = sourcecode.c.objc; path = TabBarConViewController.m; sourceTree = "<group>"; };
		1F3868B81D291FA900569032 /* UIImage+PureColor.h */ = {isa = PBXFileReference; fileEncoding = 4; lastKnownFileType = sourcecode.c.h; path = "UIImage+PureColor.h"; sourceTree = "<group>"; };
		1F3868B91D291FA900569032 /* UIImage+PureColor.m */ = {isa = PBXFileReference; fileEncoding = 4; lastKnownFileType = sourcecode.c.objc; path = "UIImage+PureColor.m"; sourceTree = "<group>"; };
		1F3868C11D292FEB00569032 /* UIViewController+DismissKeyboard.h */ = {isa = PBXFileReference; fileEncoding = 4; lastKnownFileType = sourcecode.c.h; path = "UIViewController+DismissKeyboard.h"; sourceTree = "<group>"; };
		1F3868C21D292FEB00569032 /* UIViewController+DismissKeyboard.m */ = {isa = PBXFileReference; fileEncoding = 4; lastKnownFileType = sourcecode.c.objc; path = "UIViewController+DismissKeyboard.m"; sourceTree = "<group>"; };
		1F3868C41D292FF800569032 /* UIViewController+hideExcessLine.h */ = {isa = PBXFileReference; fileEncoding = 4; lastKnownFileType = sourcecode.c.h; path = "UIViewController+hideExcessLine.h"; sourceTree = "<group>"; };
		1F3868C51D292FF800569032 /* UIViewController+hideExcessLine.m */ = {isa = PBXFileReference; fileEncoding = 4; lastKnownFileType = sourcecode.c.objc; path = "UIViewController+hideExcessLine.m"; sourceTree = "<group>"; };
		1FBF3FD41D1D849F005DB46F /* Company.app */ = {isa = PBXFileReference; explicitFileType = wrapper.application; includeInIndex = 0; path = Company.app; sourceTree = BUILT_PRODUCTS_DIR; };
		1FBF3FD81D1D849F005DB46F /* main.m */ = {isa = PBXFileReference; lastKnownFileType = sourcecode.c.objc; path = main.m; sourceTree = "<group>"; };
		1FBF3FDA1D1D849F005DB46F /* AppDelegate.h */ = {isa = PBXFileReference; lastKnownFileType = sourcecode.c.h; path = AppDelegate.h; sourceTree = "<group>"; };
		1FBF3FDB1D1D849F005DB46F /* AppDelegate.m */ = {isa = PBXFileReference; lastKnownFileType = sourcecode.c.objc; path = AppDelegate.m; sourceTree = "<group>"; };
		1FBF3FE11D1D849F005DB46F /* Base */ = {isa = PBXFileReference; lastKnownFileType = file.storyboard; name = Base; path = Base.lproj/Main.storyboard; sourceTree = "<group>"; };
		1FBF3FE31D1D849F005DB46F /* Assets.xcassets */ = {isa = PBXFileReference; lastKnownFileType = folder.assetcatalog; path = Assets.xcassets; sourceTree = "<group>"; };
		1FBF3FE61D1D849F005DB46F /* Base */ = {isa = PBXFileReference; lastKnownFileType = file.storyboard; name = Base; path = Base.lproj/LaunchScreen.storyboard; sourceTree = "<group>"; };
		1FBF3FE81D1D849F005DB46F /* Info.plist */ = {isa = PBXFileReference; lastKnownFileType = text.plist.xml; path = Info.plist; sourceTree = "<group>"; };
		1FBF40541D1E2DFF005DB46F /* BaseNavigationController.h */ = {isa = PBXFileReference; fileEncoding = 4; lastKnownFileType = sourcecode.c.h; path = BaseNavigationController.h; sourceTree = "<group>"; };
		1FBF40551D1E2DFF005DB46F /* BaseNavigationController.m */ = {isa = PBXFileReference; fileEncoding = 4; lastKnownFileType = sourcecode.c.objc; path = BaseNavigationController.m; sourceTree = "<group>"; };
		1FBF40561D1E2DFF005DB46F /* BaseRequestViewModel.h */ = {isa = PBXFileReference; fileEncoding = 4; lastKnownFileType = sourcecode.c.h; path = BaseRequestViewModel.h; sourceTree = "<group>"; };
		1FBF40571D1E2DFF005DB46F /* BaseRequestViewModel.m */ = {isa = PBXFileReference; fileEncoding = 4; lastKnownFileType = sourcecode.c.objc; path = BaseRequestViewModel.m; sourceTree = "<group>"; };
		1FBF40581D1E2DFF005DB46F /* BaseViewController.h */ = {isa = PBXFileReference; fileEncoding = 4; lastKnownFileType = sourcecode.c.h; path = BaseViewController.h; sourceTree = "<group>"; };
		1FBF40591D1E2DFF005DB46F /* BaseViewController.m */ = {isa = PBXFileReference; fileEncoding = 4; lastKnownFileType = sourcecode.c.objc; path = BaseViewController.m; sourceTree = "<group>"; };
		1FBF405B1D1E2DFF005DB46F /* HomeViewModel.h */ = {isa = PBXFileReference; fileEncoding = 4; lastKnownFileType = sourcecode.c.h; path = HomeViewModel.h; sourceTree = "<group>"; };
		1FBF405C1D1E2DFF005DB46F /* HomeViewModel.m */ = {isa = PBXFileReference; fileEncoding = 4; lastKnownFileType = sourcecode.c.objc; path = HomeViewModel.m; sourceTree = "<group>"; };
		1FBF40601D1E2DFF005DB46F /* MessageViewModel.h */ = {isa = PBXFileReference; fileEncoding = 4; lastKnownFileType = sourcecode.c.h; path = MessageViewModel.h; sourceTree = "<group>"; };
		1FBF40611D1E2DFF005DB46F /* MessageViewModel.m */ = {isa = PBXFileReference; fileEncoding = 4; lastKnownFileType = sourcecode.c.objc; path = MessageViewModel.m; sourceTree = "<group>"; };
		1FBF40631D1E2DFF005DB46F /* MineViewController.h */ = {isa = PBXFileReference; fileEncoding = 4; lastKnownFileType = sourcecode.c.h; path = MineViewController.h; sourceTree = "<group>"; };
		1FBF40641D1E2DFF005DB46F /* MineViewController.m */ = {isa = PBXFileReference; fileEncoding = 4; lastKnownFileType = sourcecode.c.objc; path = MineViewController.m; sourceTree = "<group>"; };
		1FBF40651D1E2DFF005DB46F /* MineViewModel.h */ = {isa = PBXFileReference; fileEncoding = 4; lastKnownFileType = sourcecode.c.h; path = MineViewModel.h; sourceTree = "<group>"; };
		1FBF40661D1E2DFF005DB46F /* MineViewModel.m */ = {isa = PBXFileReference; fileEncoding = 4; lastKnownFileType = sourcecode.c.objc; path = MineViewModel.m; sourceTree = "<group>"; };
		1FBF40691D1E2DFF005DB46F /* NSString+StringSize.h */ = {isa = PBXFileReference; fileEncoding = 4; lastKnownFileType = sourcecode.c.h; path = "NSString+StringSize.h"; sourceTree = "<group>"; };
		1FBF406A1D1E2DFF005DB46F /* NSString+StringSize.m */ = {isa = PBXFileReference; fileEncoding = 4; lastKnownFileType = sourcecode.c.objc; path = "NSString+StringSize.m"; sourceTree = "<group>"; };
		1FBF406B1D1E2DFF005DB46F /* UIColor+Hex.h */ = {isa = PBXFileReference; fileEncoding = 4; lastKnownFileType = sourcecode.c.h; path = "UIColor+Hex.h"; sourceTree = "<group>"; };
		1FBF406C1D1E2DFF005DB46F /* UIColor+Hex.m */ = {isa = PBXFileReference; fileEncoding = 4; lastKnownFileType = sourcecode.c.objc; path = "UIColor+Hex.m"; sourceTree = "<group>"; };
		1FBF40711D1E2DFF005DB46F /* EMAlertView.h */ = {isa = PBXFileReference; fileEncoding = 4; lastKnownFileType = sourcecode.c.h; path = EMAlertView.h; sourceTree = "<group>"; };
		1FBF40721D1E2DFF005DB46F /* EMAlertView.m */ = {isa = PBXFileReference; fileEncoding = 4; lastKnownFileType = sourcecode.c.objc; path = EMAlertView.m; sourceTree = "<group>"; };
		1FBF40741D1E2DFF005DB46F /* ZHPickView.h */ = {isa = PBXFileReference; fileEncoding = 4; lastKnownFileType = sourcecode.c.h; path = ZHPickView.h; sourceTree = "<group>"; };
		1FBF40751D1E2DFF005DB46F /* ZHPickView.m */ = {isa = PBXFileReference; fileEncoding = 4; lastKnownFileType = sourcecode.c.objc; path = ZHPickView.m; sourceTree = "<group>"; };
		1FC69D791D2D525200BF0B95 /* HomeViewController.h */ = {isa = PBXFileReference; fileEncoding = 4; lastKnownFileType = sourcecode.c.h; path = HomeViewController.h; sourceTree = "<group>"; };
		1FC69D7A1D2D525200BF0B95 /* HomeViewController.m */ = {isa = PBXFileReference; fileEncoding = 4; lastKnownFileType = sourcecode.c.objc; path = HomeViewController.m; sourceTree = "<group>"; };
		1FC69D801D2D589700BF0B95 /* MessageTableViewCell.h */ = {isa = PBXFileReference; fileEncoding = 4; lastKnownFileType = sourcecode.c.h; path = MessageTableViewCell.h; sourceTree = "<group>"; };
		1FC69D811D2D589700BF0B95 /* MessageTableViewCell.m */ = {isa = PBXFileReference; fileEncoding = 4; lastKnownFileType = sourcecode.c.objc; path = MessageTableViewCell.m; sourceTree = "<group>"; };
		1FC69D831D2D5A1600BF0B95 /* HomeView.h */ = {isa = PBXFileReference; fileEncoding = 4; lastKnownFileType = sourcecode.c.h; path = HomeView.h; sourceTree = "<group>"; };
		1FC69D841D2D5A1600BF0B95 /* HomeView.m */ = {isa = PBXFileReference; fileEncoding = 4; lastKnownFileType = sourcecode.c.objc; path = HomeView.m; sourceTree = "<group>"; };
		69B4FB1ECC0B265E1B3E23C3 /* Pods-Company.debug.xcconfig */ = {isa = PBXFileReference; includeInIndex = 1; lastKnownFileType = text.xcconfig; name = "Pods-Company.debug.xcconfig"; path = "Pods/Target Support Files/Pods-Company/Pods-Company.debug.xcconfig"; sourceTree = "<group>"; };
		87064A9FB6BCFDA031CA8A4E /* Pods_Company.framework */ = {isa = PBXFileReference; explicitFileType = wrapper.framework; includeInIndex = 0; path = Pods_Company.framework; sourceTree = BUILT_PRODUCTS_DIR; };
		9F0A29F9499FC67C41F509F5 /* Pods-Company.release.xcconfig */ = {isa = PBXFileReference; includeInIndex = 1; lastKnownFileType = text.xcconfig; name = "Pods-Company.release.xcconfig"; path = "Pods/Target Support Files/Pods-Company/Pods-Company.release.xcconfig"; sourceTree = "<group>"; };
/* End PBXFileReference section */

/* Begin PBXFrameworksBuildPhase section */
		1FBF3FD11D1D849F005DB46F /* Frameworks */ = {
			isa = PBXFrameworksBuildPhase;
			buildActionMask = 2147483647;
			files = (
				2FD0801BF0AC1497DEE6F068 /* Pods_Company.framework in Frameworks */,
			);
			runOnlyForDeploymentPostprocessing = 0;
		};
/* End PBXFrameworksBuildPhase section */

/* Begin PBXGroup section */
		1F3868981D28E81C00569032 /* Login */ = {
			isa = PBXGroup;
			children = (
				1F38689C1D28E83500569032 /* ViewModel */,
				1F38689B1D28E82E00569032 /* Controller */,
				1F3868991D28E82200569032 /* Model */,
				1F38689A1D28E82800569032 /* View */,
			);
			name = Login;
			path = Company/Login;
			sourceTree = "<group>";
		};
		1F3868991D28E82200569032 /* Model */ = {
			isa = PBXGroup;
			children = (
			);
			name = Model;
			sourceTree = "<group>";
		};
		1F38689A1D28E82800569032 /* View */ = {
			isa = PBXGroup;
			children = (
				1F3868A61D28ED0200569032 /* ProfilePhotoTableViewCell.h */,
				1F3868A71D28ED0200569032 /* ProfilePhotoTableViewCell.m */,
				1F3868A91D28ED1700569032 /* ProfileLabelTableViewCell.h */,
				1F3868AA1D28ED1700569032 /* ProfileLabelTableViewCell.m */,
				1F3868AC1D28ED3C00569032 /* ProfileFieldTableViewCell.h */,
				1F3868AD1D28ED3C00569032 /* ProfileFieldTableViewCell.m */,
			);
			name = View;
			sourceTree = "<group>";
		};
		1F38689B1D28E82E00569032 /* Controller */ = {
			isa = PBXGroup;
			children = (
				1F38689D1D28E86B00569032 /* LoginViewController.h */,
				1F38689E1D28E86B00569032 /* LoginViewController.m */,
				1F3868A01D28E88200569032 /* RegisterViewController.h */,
				1F3868A11D28E88200569032 /* RegisterViewController.m */,
				1F3868A31D28ECB300569032 /* CompleteViewController.h */,
				1F3868A41D28ECB300569032 /* CompleteViewController.m */,
			);
			name = Controller;
			sourceTree = "<group>";
		};
		1F38689C1D28E83500569032 /* ViewModel */ = {
			isa = PBXGroup;
			children = (
			);
			name = ViewModel;
			sourceTree = "<group>";
		};
		1F3868B61D291CCC00569032 /* ViewModel */ = {
			isa = PBXGroup;
			children = (
				1FBF40651D1E2DFF005DB46F /* MineViewModel.h */,
				1FBF40661D1E2DFF005DB46F /* MineViewModel.m */,
			);
			name = ViewModel;
			sourceTree = "<group>";
		};
		1F3868B71D291CDA00569032 /* ViewController */ = {
			isa = PBXGroup;
			children = (
				1FBF40631D1E2DFF005DB46F /* MineViewController.h */,
				1FBF40641D1E2DFF005DB46F /* MineViewController.m */,
			);
			name = ViewController;
			sourceTree = "<group>";
		};
		1FB7DBAE73A4782A852CAF2C /* Pods */ = {
			isa = PBXGroup;
			children = (
				69B4FB1ECC0B265E1B3E23C3 /* Pods-Company.debug.xcconfig */,
				9F0A29F9499FC67C41F509F5 /* Pods-Company.release.xcconfig */,
			);
			name = Pods;
			sourceTree = "<group>";
		};
		1FBF3FCB1D1D849F005DB46F = {
			isa = PBXGroup;
			children = (
				1F3868981D28E81C00569032 /* Login */,
				1FBF40531D1E2DFF005DB46F /* BaseView */,
				1FBF405A1D1E2DFF005DB46F /* Home */,
				1FBF405D1D1E2DFF005DB46F /* Message */,
				1FBF40621D1E2DFF005DB46F /* Mine */,
				1FBF40671D1E2DFF005DB46F /* Until */,
				1FBF3FD61D1D849F005DB46F /* Company */,
				1FBF3FD51D1D849F005DB46F /* Products */,
				1FB7DBAE73A4782A852CAF2C /* Pods */,
				81AE9EFD642308641F5A5033 /* Frameworks */,
			);
			sourceTree = "<group>";
		};
		1FBF3FD51D1D849F005DB46F /* Products */ = {
			isa = PBXGroup;
			children = (
				1FBF3FD41D1D849F005DB46F /* Company.app */,
			);
			name = Products;
			sourceTree = "<group>";
		};
		1FBF3FD61D1D849F005DB46F /* Company */ = {
			isa = PBXGroup;
			children = (
				1FBF3FDA1D1D849F005DB46F /* AppDelegate.h */,
				1FBF3FDB1D1D849F005DB46F /* AppDelegate.m */,
				1F3868B31D291BB600569032 /* TabBarConViewController.h */,
				1F3868B41D291BB600569032 /* TabBarConViewController.m */,
				1F3868AF1D29170000569032 /* Company.pch */,
				1F3868B01D29179C00569032 /* Theme.h */,
				1F3868B11D2917AF00569032 /* Define.h */,
				1F3868B21D2917BF00569032 /* RequestUrl.h */,
				1FBF3FE01D1D849F005DB46F /* Main.storyboard */,
				1F3868951D28DA8D00569032 /* Login.storyboard */,
				1FBF3FE31D1D849F005DB46F /* Assets.xcassets */,
				1FBF3FE51D1D849F005DB46F /* LaunchScreen.storyboard */,
				1FBF3FE81D1D849F005DB46F /* Info.plist */,
				1FBF3FD71D1D849F005DB46F /* Supporting Files */,
				1F1774691D33944600E9B78E /* Company-Bridging-Header.h */,
			);
			path = Company;
			sourceTree = "<group>";
		};
		1FBF3FD71D1D849F005DB46F /* Supporting Files */ = {
			isa = PBXGroup;
			children = (
				1FBF3FD81D1D849F005DB46F /* main.m */,
			);
			name = "Supporting Files";
			sourceTree = "<group>";
		};
		1FBF40531D1E2DFF005DB46F /* BaseView */ = {
			isa = PBXGroup;
			children = (
				1FBF40541D1E2DFF005DB46F /* BaseNavigationController.h */,
				1FBF40551D1E2DFF005DB46F /* BaseNavigationController.m */,
				1FBF40561D1E2DFF005DB46F /* BaseRequestViewModel.h */,
				1FBF40571D1E2DFF005DB46F /* BaseRequestViewModel.m */,
				1FBF40581D1E2DFF005DB46F /* BaseViewController.h */,
				1FBF40591D1E2DFF005DB46F /* BaseViewController.m */,
			);
			name = BaseView;
			path = Company/BaseView;
			sourceTree = "<group>";
		};
		1FBF405A1D1E2DFF005DB46F /* Home */ = {
			isa = PBXGroup;
			children = (
				1FBF40861D1E2E40005DB46F /* ViewModel */,
				1FBF40851D1E2E39005DB46F /* View */,
				1FBF40841D1E2E31005DB46F /* Model */,
				1FBF40831D1E2E27005DB46F /* Controller */,
			);
			name = Home;
			path = Company/Home;
			sourceTree = "<group>";
		};
		1FBF405D1D1E2DFF005DB46F /* Message */ = {
			isa = PBXGroup;
			children = (
				1FC69D7F1D2D550800BF0B95 /* Model */,
				1FC69D7E1D2D54F900BF0B95 /* ViewModel */,
				1FC69D7D1D2D54F400BF0B95 /* View */,
				1FC69D7C1D2D54E900BF0B95 /* ViewController */,
			);
			name = Message;
			path = Company/Message;
			sourceTree = "<group>";
		};
		1FBF40621D1E2DFF005DB46F /* Mine */ = {
			isa = PBXGroup;
			children = (
				1F3868B71D291CDA00569032 /* ViewController */,
				1F3868B61D291CCC00569032 /* ViewModel */,
			);
			name = Mine;
			path = Company/Mine;
			sourceTree = "<group>";
		};
		1FBF40671D1E2DFF005DB46F /* Until */ = {
			isa = PBXGroup;
			children = (
				1FBF40681D1E2DFF005DB46F /* Category */,
				1FBF406F1D1E2DFF005DB46F /* Other */,
			);
			name = Until;
			path = Company/Until;
			sourceTree = "<group>";
		};
		1FBF40681D1E2DFF005DB46F /* Category */ = {
			isa = PBXGroup;
			children = (
				1F3868C11D292FEB00569032 /* UIViewController+DismissKeyboard.h */,
				1F3868C21D292FEB00569032 /* UIViewController+DismissKeyboard.m */,
				1F3868C41D292FF800569032 /* UIViewController+hideExcessLine.h */,
				1F3868C51D292FF800569032 /* UIViewController+hideExcessLine.m */,
				1FBF40691D1E2DFF005DB46F /* NSString+StringSize.h */,
				1FBF406A1D1E2DFF005DB46F /* NSString+StringSize.m */,
				1FBF406B1D1E2DFF005DB46F /* UIColor+Hex.h */,
				1FBF406C1D1E2DFF005DB46F /* UIColor+Hex.m */,
				1F3868B81D291FA900569032 /* UIImage+PureColor.h */,
				1F3868B91D291FA900569032 /* UIImage+PureColor.m */,
			);
			path = Category;
			sourceTree = "<group>";
		};
		1FBF406F1D1E2DFF005DB46F /* Other */ = {
			isa = PBXGroup;
			children = (
				1FBF40701D1E2DFF005DB46F /* EMAlertView */,
				1FBF40731D1E2DFF005DB46F /* ZHPickView */,
			);
			path = Other;
			sourceTree = "<group>";
		};
		1FBF40701D1E2DFF005DB46F /* EMAlertView */ = {
			isa = PBXGroup;
			children = (
				1FBF40711D1E2DFF005DB46F /* EMAlertView.h */,
				1FBF40721D1E2DFF005DB46F /* EMAlertView.m */,
			);
			path = EMAlertView;
			sourceTree = "<group>";
		};
		1FBF40731D1E2DFF005DB46F /* ZHPickView */ = {
			isa = PBXGroup;
			children = (
				1FBF40741D1E2DFF005DB46F /* ZHPickView.h */,
				1FBF40751D1E2DFF005DB46F /* ZHPickView.m */,
			);
			path = ZHPickView;
			sourceTree = "<group>";
		};
		1FBF40831D1E2E27005DB46F /* Controller */ = {
			isa = PBXGroup;
			children = (
				1FC69D791D2D525200BF0B95 /* HomeViewController.h */,
				1FC69D7A1D2D525200BF0B95 /* HomeViewController.m */,
				1F17745D1D337EF100E9B78E /* HomeDetailViewController.h */,
				1F17745E1D337EF100E9B78E /* HomeDetailViewController.m */,
				1F1774661D33935100E9B78E /* ChartViewController.h */,
				1F1774671D33935100E9B78E /* ChartViewController.m */,
				1F2F569B1D34D616005AEBC8 /* ChartBarViewController.h */,
				1F2F569C1D34D616005AEBC8 /* ChartBarViewController.m */,
				1F2F56A11D353F33005AEBC8 /* TestViewController.h */,
				1F2F56A21D353F33005AEBC8 /* TestViewController.m */,
			);
			name = Controller;
			sourceTree = "<group>";
		};
		1FBF40841D1E2E31005DB46F /* Model */ = {
			isa = PBXGroup;
			children = (
			);
			name = Model;
			sourceTree = "<group>";
		};
		1FBF40851D1E2E39005DB46F /* View */ = {
			isa = PBXGroup;
			children = (
				1FC69D831D2D5A1600BF0B95 /* HomeView.h */,
				1FC69D841D2D5A1600BF0B95 /* HomeView.m */,
				1F17745A1D333FE400E9B78E /* HomeTableView.h */,
				1F17745B1D333FE400E9B78E /* HomeTableView.m */,
				1F1774601D33809900E9B78E /* HomeViewCell.h */,
				1F1774611D33809900E9B78E /* HomeViewCell.m */,
				1F1774631D3380AD00E9B78E /* HomeTitleTableViewCell.h */,
				1F1774641D3380AD00E9B78E /* HomeTitleTableViewCell.m */,
			);
			name = View;
			sourceTree = "<group>";
		};
		1FBF40861D1E2E40005DB46F /* ViewModel */ = {
			isa = PBXGroup;
			children = (
				1FBF405B1D1E2DFF005DB46F /* HomeViewModel.h */,
				1FBF405C1D1E2DFF005DB46F /* HomeViewModel.m */,
			);
			name = ViewModel;
			sourceTree = "<group>";
		};
		1FC69D7C1D2D54E900BF0B95 /* ViewController */ = {
			isa = PBXGroup;
			children = (
				1F2881251D2D5D8B00713E9B /* MessageViewContView.h */,
				1F2881261D2D5D8B00713E9B /* MessageViewContView.m */,
			);
			name = ViewController;
			sourceTree = "<group>";
		};
		1FC69D7D1D2D54F400BF0B95 /* View */ = {
			isa = PBXGroup;
			children = (
				1FC69D801D2D589700BF0B95 /* MessageTableViewCell.h */,
				1FC69D811D2D589700BF0B95 /* MessageTableViewCell.m */,
			);
			name = View;
			sourceTree = "<group>";
		};
		1FC69D7E1D2D54F900BF0B95 /* ViewModel */ = {
			isa = PBXGroup;
			children = (
				1FBF40601D1E2DFF005DB46F /* MessageViewModel.h */,
				1FBF40611D1E2DFF005DB46F /* MessageViewModel.m */,
			);
			name = ViewModel;
			sourceTree = "<group>";
		};
		1FC69D7F1D2D550800BF0B95 /* Model */ = {
			isa = PBXGroup;
			children = (
			);
			name = Model;
			sourceTree = "<group>";
		};
		81AE9EFD642308641F5A5033 /* Frameworks */ = {
			isa = PBXGroup;
			children = (
				87064A9FB6BCFDA031CA8A4E /* Pods_Company.framework */,
			);
			name = Frameworks;
			sourceTree = "<group>";
		};
/* End PBXGroup section */

/* Begin PBXNativeTarget section */
		1FBF3FD31D1D849F005DB46F /* Company */ = {
			isa = PBXNativeTarget;
			buildConfigurationList = 1FBF3FEB1D1D849F005DB46F /* Build configuration list for PBXNativeTarget "Company" */;
			buildPhases = (
				FAF91FE5AA719BE2F675BF4D /* 📦 Check Pods Manifest.lock */,
				1FBF3FD01D1D849F005DB46F /* Sources */,
				1FBF3FD11D1D849F005DB46F /* Frameworks */,
				1FBF3FD21D1D849F005DB46F /* Resources */,
				0626BE1CC23BD2208454D9B9 /* 📦 Embed Pods Frameworks */,
				2DD0A00BF2F04EF0F0A1E031 /* 📦 Copy Pods Resources */,
			);
			buildRules = (
			);
			dependencies = (
			);
			name = Company;
			productName = Company;
			productReference = 1FBF3FD41D1D849F005DB46F /* Company.app */;
			productType = "com.apple.product-type.application";
		};
/* End PBXNativeTarget section */

/* Begin PBXProject section */
		1FBF3FCC1D1D849F005DB46F /* Project object */ = {
			isa = PBXProject;
			attributes = {
				LastUpgradeCheck = 0730;
				ORGANIZATIONNAME = Zhang;
				TargetAttributes = {
					1FBF3FD31D1D849F005DB46F = {
						CreatedOnToolsVersion = 7.3.1;
					};
				};
			};
			buildConfigurationList = 1FBF3FCF1D1D849F005DB46F /* Build configuration list for PBXProject "Company" */;
			compatibilityVersion = "Xcode 3.2";
			developmentRegion = English;
			hasScannedForEncodings = 0;
			knownRegions = (
				en,
				Base,
			);
			mainGroup = 1FBF3FCB1D1D849F005DB46F;
			productRefGroup = 1FBF3FD51D1D849F005DB46F /* Products */;
			projectDirPath = "";
			projectRoot = "";
			targets = (
				1FBF3FD31D1D849F005DB46F /* Company */,
			);
		};
/* End PBXProject section */

/* Begin PBXResourcesBuildPhase section */
		1FBF3FD21D1D849F005DB46F /* Resources */ = {
			isa = PBXResourcesBuildPhase;
			buildActionMask = 2147483647;
			files = (
				1F3868961D28DA8D00569032 /* Login.storyboard in Resources */,
				1FBF3FE71D1D849F005DB46F /* LaunchScreen.storyboard in Resources */,
				1FBF3FE41D1D849F005DB46F /* Assets.xcassets in Resources */,
				1FBF3FE21D1D849F005DB46F /* Main.storyboard in Resources */,
			);
			runOnlyForDeploymentPostprocessing = 0;
		};
/* End PBXResourcesBuildPhase section */

/* Begin PBXShellScriptBuildPhase section */
		0626BE1CC23BD2208454D9B9 /* 📦 Embed Pods Frameworks */ = {
			isa = PBXShellScriptBuildPhase;
			buildActionMask = 2147483647;
			files = (
			);
			inputPaths = (
			);
			name = "📦 Embed Pods Frameworks";
			outputPaths = (
			);
			runOnlyForDeploymentPostprocessing = 0;
			shellPath = /bin/sh;
			shellScript = "\"${SRCROOT}/Pods/Target Support Files/Pods-Company/Pods-Company-frameworks.sh\"\n";
			showEnvVarsInLog = 0;
		};
		2DD0A00BF2F04EF0F0A1E031 /* 📦 Copy Pods Resources */ = {
			isa = PBXShellScriptBuildPhase;
			buildActionMask = 2147483647;
			files = (
			);
			inputPaths = (
			);
			name = "📦 Copy Pods Resources";
			outputPaths = (
			);
			runOnlyForDeploymentPostprocessing = 0;
			shellPath = /bin/sh;
			shellScript = "\"${SRCROOT}/Pods/Target Support Files/Pods-Company/Pods-Company-resources.sh\"\n";
			showEnvVarsInLog = 0;
		};
		FAF91FE5AA719BE2F675BF4D /* 📦 Check Pods Manifest.lock */ = {
			isa = PBXShellScriptBuildPhase;
			buildActionMask = 2147483647;
			files = (
			);
			inputPaths = (
			);
			name = "📦 Check Pods Manifest.lock";
			outputPaths = (
			);
			runOnlyForDeploymentPostprocessing = 0;
			shellPath = /bin/sh;
			shellScript = "diff \"${PODS_ROOT}/../Podfile.lock\" \"${PODS_ROOT}/Manifest.lock\" > /dev/null\nif [[ $? != 0 ]] ; then\n    cat << EOM\nerror: The sandbox is not in sync with the Podfile.lock. Run 'pod install' or update your CocoaPods installation.\nEOM\n    exit 1\nfi\n";
			showEnvVarsInLog = 0;
		};
/* End PBXShellScriptBuildPhase section */

/* Begin PBXSourcesBuildPhase section */
		1FBF3FD01D1D849F005DB46F /* Sources */ = {
			isa = PBXSourcesBuildPhase;
			buildActionMask = 2147483647;
			files = (
				1FBF40811D1E2DFF005DB46F /* EMAlertView.m in Sources */,
				1F1774681D33935100E9B78E /* ChartViewController.m in Sources */,
				1F3868B51D291BB600569032 /* TabBarConViewController.m in Sources */,
				1F3868A51D28ECB300569032 /* CompleteViewController.m in Sources */,
				1FC69D7B1D2D525200BF0B95 /* HomeViewController.m in Sources */,
				1F3868AB1D28ED1700569032 /* ProfileLabelTableViewCell.m in Sources */,
				1F2881271D2D5D8B00713E9B /* MessageViewContView.m in Sources */,
				1FBF407F1D1E2DFF005DB46F /* UIColor+Hex.m in Sources */,
				1F3868C31D292FEB00569032 /* UIViewController+DismissKeyboard.m in Sources */,
				1FBF40781D1E2DFF005DB46F /* BaseViewController.m in Sources */,
				1FBF407C1D1E2DFF005DB46F /* MineViewController.m in Sources */,
				1FBF3FDC1D1D849F005DB46F /* AppDelegate.m in Sources */,
				1F2F56A31D353F33005AEBC8 /* TestViewController.m in Sources */,
				1F3868BA1D291FA900569032 /* UIImage+PureColor.m in Sources */,
				1F3868A81D28ED0200569032 /* ProfilePhotoTableViewCell.m in Sources */,
				1F38689F1D28E86B00569032 /* LoginViewController.m in Sources */,
				1F17745C1D333FE400E9B78E /* HomeTableView.m in Sources */,
				1F1774651D3380AD00E9B78E /* HomeTitleTableViewCell.m in Sources */,
				1FBF407D1D1E2DFF005DB46F /* MineViewModel.m in Sources */,
				1FBF407B1D1E2DFF005DB46F /* MessageViewModel.m in Sources */,
				1FBF40761D1E2DFF005DB46F /* BaseNavigationController.m in Sources */,
				1FBF40771D1E2DFF005DB46F /* BaseRequestViewModel.m in Sources */,
				1F2F569D1D34D616005AEBC8 /* ChartBarViewController.m in Sources */,
				1FC69D851D2D5A1600BF0B95 /* HomeView.m in Sources */,
				1F3868A21D28E88200569032 /* RegisterViewController.m in Sources */,
				1FBF40791D1E2DFF005DB46F /* HomeViewModel.m in Sources */,
				1FBF3FD91D1D849F005DB46F /* main.m in Sources */,
				1F1774621D33809900E9B78E /* HomeViewCell.m in Sources */,
				1FBF407E1D1E2DFF005DB46F /* NSString+StringSize.m in Sources */,
				1F3868C61D292FF800569032 /* UIViewController+hideExcessLine.m in Sources */,
				1FC69D821D2D589700BF0B95 /* MessageTableViewCell.m in Sources */,
				1F3868AE1D28ED3C00569032 /* ProfileFieldTableViewCell.m in Sources */,
				1FBF40821D1E2DFF005DB46F /* ZHPickView.m in Sources */,
				1F17745F1D337EF100E9B78E /* HomeDetailViewController.m in Sources */,
			);
			runOnlyForDeploymentPostprocessing = 0;
		};
/* End PBXSourcesBuildPhase section */

/* Begin PBXVariantGroup section */
		1FBF3FE01D1D849F005DB46F /* Main.storyboard */ = {
			isa = PBXVariantGroup;
			children = (
				1FBF3FE11D1D849F005DB46F /* Base */,
			);
			name = Main.storyboard;
			sourceTree = "<group>";
		};
		1FBF3FE51D1D849F005DB46F /* LaunchScreen.storyboard */ = {
			isa = PBXVariantGroup;
			children = (
				1FBF3FE61D1D849F005DB46F /* Base */,
			);
			name = LaunchScreen.storyboard;
			sourceTree = "<group>";
		};
/* End PBXVariantGroup section */

/* Begin XCBuildConfiguration section */
		1FBF3FE91D1D849F005DB46F /* Debug */ = {
			isa = XCBuildConfiguration;
			buildSettings = {
				ALWAYS_SEARCH_USER_PATHS = NO;
				CLANG_ANALYZER_NONNULL = YES;
				CLANG_CXX_LANGUAGE_STANDARD = "gnu++0x";
				CLANG_CXX_LIBRARY = "libc++";
				CLANG_ENABLE_MODULES = YES;
				CLANG_ENABLE_OBJC_ARC = YES;
				CLANG_WARN_BOOL_CONVERSION = YES;
				CLANG_WARN_CONSTANT_CONVERSION = YES;
				CLANG_WARN_DIRECT_OBJC_ISA_USAGE = YES_ERROR;
				CLANG_WARN_EMPTY_BODY = YES;
				CLANG_WARN_ENUM_CONVERSION = YES;
				CLANG_WARN_INT_CONVERSION = YES;
				CLANG_WARN_OBJC_ROOT_CLASS = YES_ERROR;
				CLANG_WARN_UNREACHABLE_CODE = YES;
				CLANG_WARN__DUPLICATE_METHOD_MATCH = YES;
				"CODE_SIGN_IDENTITY[sdk=iphoneos*]" = "iPhone Developer";
				COPY_PHASE_STRIP = NO;
				DEBUG_INFORMATION_FORMAT = dwarf;
				ENABLE_STRICT_OBJC_MSGSEND = YES;
				ENABLE_TESTABILITY = YES;
				GCC_C_LANGUAGE_STANDARD = gnu99;
				GCC_DYNAMIC_NO_PIC = NO;
				GCC_NO_COMMON_BLOCKS = YES;
				GCC_OPTIMIZATION_LEVEL = 0;
				GCC_PREPROCESSOR_DEFINITIONS = (
					"DEBUG=1",
					"$(inherited)",
				);
				GCC_WARN_64_TO_32_BIT_CONVERSION = YES;
				GCC_WARN_ABOUT_RETURN_TYPE = YES_ERROR;
				GCC_WARN_UNDECLARED_SELECTOR = YES;
				GCC_WARN_UNINITIALIZED_AUTOS = YES_AGGRESSIVE;
				GCC_WARN_UNUSED_FUNCTION = YES;
				GCC_WARN_UNUSED_VARIABLE = YES;
				IPHONEOS_DEPLOYMENT_TARGET = 9.3;
				MTL_ENABLE_DEBUG_INFO = YES;
				ONLY_ACTIVE_ARCH = YES;
				SDKROOT = iphoneos;
			};
			name = Debug;
		};
		1FBF3FEA1D1D849F005DB46F /* Release */ = {
			isa = XCBuildConfiguration;
			buildSettings = {
				ALWAYS_SEARCH_USER_PATHS = NO;
				CLANG_ANALYZER_NONNULL = YES;
				CLANG_CXX_LANGUAGE_STANDARD = "gnu++0x";
				CLANG_CXX_LIBRARY = "libc++";
				CLANG_ENABLE_MODULES = YES;
				CLANG_ENABLE_OBJC_ARC = YES;
				CLANG_WARN_BOOL_CONVERSION = YES;
				CLANG_WARN_CONSTANT_CONVERSION = YES;
				CLANG_WARN_DIRECT_OBJC_ISA_USAGE = YES_ERROR;
				CLANG_WARN_EMPTY_BODY = YES;
				CLANG_WARN_ENUM_CONVERSION = YES;
				CLANG_WARN_INT_CONVERSION = YES;
				CLANG_WARN_OBJC_ROOT_CLASS = YES_ERROR;
				CLANG_WARN_UNREACHABLE_CODE = YES;
				CLANG_WARN__DUPLICATE_METHOD_MATCH = YES;
				"CODE_SIGN_IDENTITY[sdk=iphoneos*]" = "iPhone Developer";
				COPY_PHASE_STRIP = NO;
				DEBUG_INFORMATION_FORMAT = "dwarf-with-dsym";
				ENABLE_NS_ASSERTIONS = NO;
				ENABLE_STRICT_OBJC_MSGSEND = YES;
				GCC_C_LANGUAGE_STANDARD = gnu99;
				GCC_NO_COMMON_BLOCKS = YES;
				GCC_WARN_64_TO_32_BIT_CONVERSION = YES;
				GCC_WARN_ABOUT_RETURN_TYPE = YES_ERROR;
				GCC_WARN_UNDECLARED_SELECTOR = YES;
				GCC_WARN_UNINITIALIZED_AUTOS = YES_AGGRESSIVE;
				GCC_WARN_UNUSED_FUNCTION = YES;
				GCC_WARN_UNUSED_VARIABLE = YES;
				IPHONEOS_DEPLOYMENT_TARGET = 9.3;
				MTL_ENABLE_DEBUG_INFO = NO;
				SDKROOT = iphoneos;
				VALIDATE_PRODUCT = YES;
			};
			name = Release;
		};
		1FBF3FEC1D1D849F005DB46F /* Debug */ = {
			isa = XCBuildConfiguration;
			baseConfigurationReference = 69B4FB1ECC0B265E1B3E23C3 /* Pods-Company.debug.xcconfig */;
			buildSettings = {
				ASSETCATALOG_COMPILER_APPICON_NAME = AppIcon;
				CLANG_ENABLE_MODULES = YES;
				GCC_PRECOMPILE_PREFIX_HEADER = YES;
				GCC_PREFIX_HEADER = "$(SRCROOT)/Company/Company.pch";
				INFOPLIST_FILE = Company/Info.plist;
				IPHONEOS_DEPLOYMENT_TARGET = 8.0;
				LD_RUNPATH_SEARCH_PATHS = "$(inherited) @executable_path/Frameworks";
				PRODUCT_BUNDLE_IDENTIFIER = com.meet.Company;
				PRODUCT_NAME = "$(TARGET_NAME)";
				SWIFT_OBJC_BRIDGING_HEADER = "Company/Company-Bridging-Header.h";
				SWIFT_OPTIMIZATION_LEVEL = "-Onone";
			};
			name = Debug;
		};
		1FBF3FED1D1D849F005DB46F /* Release */ = {
			isa = XCBuildConfiguration;
			baseConfigurationReference = 9F0A29F9499FC67C41F509F5 /* Pods-Company.release.xcconfig */;
			buildSettings = {
				ASSETCATALOG_COMPILER_APPICON_NAME = AppIcon;
				CLANG_ENABLE_MODULES = YES;
				GCC_PRECOMPILE_PREFIX_HEADER = YES;
				GCC_PREFIX_HEADER = "$(SRCROOT)/Company/Company.pch";
				INFOPLIST_FILE = Company/Info.plist;
				IPHONEOS_DEPLOYMENT_TARGET = 8.0;
				LD_RUNPATH_SEARCH_PATHS = "$(inherited) @executable_path/Frameworks";
				PRODUCT_BUNDLE_IDENTIFIER = com.meet.Company;
				PRODUCT_NAME = "$(TARGET_NAME)";
				SWIFT_OBJC_BRIDGING_HEADER = "Company/Company-Bridging-Header.h";
			};
			name = Release;
		};
/* End XCBuildConfiguration section */

/* Begin XCConfigurationList section */
		1FBF3FCF1D1D849F005DB46F /* Build configuration list for PBXProject "Company" */ = {
			isa = XCConfigurationList;
			buildConfigurations = (
				1FBF3FE91D1D849F005DB46F /* Debug */,
				1FBF3FEA1D1D849F005DB46F /* Release */,
			);
			defaultConfigurationIsVisible = 0;
			defaultConfigurationName = Release;
		};
		1FBF3FEB1D1D849F005DB46F /* Build configuration list for PBXNativeTarget "Company" */ = {
			isa = XCConfigurationList;
			buildConfigurations = (
				1FBF3FEC1D1D849F005DB46F /* Debug */,
				1FBF3FED1D1D849F005DB46F /* Release */,
			);
			defaultConfigurationIsVisible = 0;
			defaultConfigurationName = Release;
		};
/* End XCConfigurationList section */
	};
	rootObject = 1FBF3FCC1D1D849F005DB46F /* Project object */;
}
